{
  "name": "chips-howto-guide",
  "version": "0.1.0",
  "lockfileVersion": 3,
  "requires": true,
  "packages": {
    "": {
      "name": "chips-howto-guide",
      "version": "0.1.0",
      "devDependencies": {
        "marked": "17.0.5"
      }
    },
    "node_modules/marked": {
      "version": "17.0.5",
      "resolved": "https://registry.npmjs.org/marked/-/marked-17.0.5.tgz",
      "dev": true
    }
  }
}
